
Microsoft Visual Studio Solution File, Format Version 12.00
# Visual Studio Version 17
VisualStudioVersion = 17.11.35222.181
MinimumVisualStudioVersion = 10.0.40219.1
Project("{FAE04EC0-301F-11D3-BF4B-00C04F79EFBC}") = "BatDongSan_api", "BatDongSan_api.csproj", "{3BC836D1-BAF1-431F-92A6-0931AD7FB663}"
EndProject
Global
	GlobalSection(SolutionConfigurationPlatforms) = preSolution
		Debug|Any CPU = Debug|Any CPU
		Release|Any CPU = Release|Any CPU
	EndGlobalSection
	GlobalSection(ProjectConfigurationPlatforms) = postSolution
		{3BC836D1-BAF1-431F-92A6-0931AD7FB663}.Debug|Any CPU.ActiveCfg = Debug|Any CPU
		{3BC836D1-BAF1-431F-92A6-0931AD7FB663}.Debug|Any CPU.Build.0 = Debug|Any CPU
		{3BC836D1-BAF1-431F-92A6-0931AD7FB663}.Release|Any CPU.ActiveCfg = Release|Any CPU
		{3BC836D1-BAF1-431F-92A6-0931AD7FB663}.Release|Any CPU.Build.0 = Release|Any CPU
	EndGlobalSection
	GlobalSection(SolutionProperties) = preSolution
		HideSolutionNode = FALSE
	EndGlobalSection
	GlobalSection(ExtensibilityGlobals) = postSolution
		SolutionGuid = {72E36FB3-C5FD-4AF2-A201-A20EA173B919}
	EndGlobalSection
EndGlobal
